
Microsoft Visual Studio Solution File, Format Version 12.00
# Visual Studio Version 16
VisualStudioVersion = 16.0.29215.179
MinimumVisualStudioVersion = 10.0.40219.1
Project("{FAE04EC0-301F-11D3-BF4B-00C04F79EFBC}") = "inclassassignment", "inclassassignment\inclassassignment.csproj", "{296BAF6C-F226-40ED-B642-50AB18A5F042}"
EndProject
Global
	GlobalSection(SolutionConfigurationPlatforms) = preSolution
		Debug|Any CPU = Debug|Any CPU
		Release|Any CPU = Release|Any CPU
	EndGlobalSection
	GlobalSection(ProjectConfigurationPlatforms) = postSolution
		{296BAF6C-F226-40ED-B642-50AB18A5F042}.Debug|Any CPU.ActiveCfg = Debug|Any CPU
		{296BAF6C-F226-40ED-B642-50AB18A5F042}.Debug|Any CPU.Build.0 = Debug|Any CPU
		{296BAF6C-F226-40ED-B642-50AB18A5F042}.Release|Any CPU.ActiveCfg = Release|Any CPU
		{296BAF6C-F226-40ED-B642-50AB18A5F042}.Release|Any CPU.Build.0 = Release|Any CPU
	EndGlobalSection
	GlobalSection(SolutionProperties) = preSolution
		HideSolutionNode = FALSE
	EndGlobalSection
	GlobalSection(ExtensibilityGlobals) = postSolution
		SolutionGuid = {7F743984-690D-4638-94D8-D8BEE4E32FDF}
	EndGlobalSection
EndGlobal
